lockfileVersion: '9.0'

settings:
  autoInstallPeers: true
  excludeLinksFromLockfile: false

importers:

  .:
    dependencies:
      '@hookform/resolvers':
        specifier: ^5.2.2
        version: 5.2.2(react-hook-form@7.71.2(react@19.2.3))
      '@radix-ui/react-accordion':
        specifier: ^1.2.12
        version: 1.2.12(@types/react-dom@19.2.3(@types/react@19.2.14))(@types/react@19.2.14)(react-dom@19.2.3(react@19.2.3))(react@19.2.3)
      '@radix-ui/react-alert-dialog':
        specifier: ^1.1.15
        version: 1.1.15(@types/react-dom@19.2.3(@types/react@19.2.14))(@types/react@19.2.14)(react-dom@19.2.3(react@19.2.3))(react@19.2.3)
      '@radix-ui/react-avatar':
        specifier: ^1.1.11
        version: 1.1.11(@types/react-dom@19.2.3(@types/react@19.2.14))(@types/react@19.2.14)(react-dom@19.2.3(react@19.2.3))(react@19.2.3)
      '@radix-ui/react-collapsible':
        specifier: ^1.1.12
        version: 1.1.12(@types/react-dom@19.2.3(@types/react@19.2.14))(@types/react@19.2.14)(react-dom@19.2.3(react@19.2.3))(react@19.2.3)
      '@radix-ui/react-dialog':
        specifier: ^1.1.15
        version: 1.1.15(@types/react-dom@19.2.3(@types/react@19.2.14))(@types/react@19.2.14)(react-dom@19.2.3(react@19.2.3))(react@19.2.3)
      '@radix-ui/react-dropdown-menu':
        specifier: ^2.1.16
        version: 2.1.16(@types/react-dom@19.2.3(@types/react@19.2.14))(@types/react@19.2.14)(react-dom@19.2.3(react@19.2.3))(react@19.2.3)
      '@radix-ui/react-label':
        specifier: ^2.1.8
        version: 2.1.8(@types/react-dom@19.2.3(@types/react@19.2.14))(@types/react@19.2.14)(react-dom@19.2.3(react@19.2.3))(react@19.2.3)
      '@radix-ui/react-navigation-menu':
        specifier: ^1.2.14
        version: 1.2.14(@types/react-dom@19.2.3(@types/react@19.2.14))(@types/react@19.2.14)(react-dom@19.2.3(react@19.2.3))(react@19.2.3)
      '@radix-ui/react-popover':
        specifier: ^1.1.15
        version: 1.1.15(@types/react-dom@19.2.3(@types/react@19.2.14))(@types/react@19.2.14)(react-dom@19.2.3(react@19.2.3))(react@19.2.3)
      '@radix-ui/react-scroll-area':
        specifier: ^1.2.10
        version: 1.2.10(@types/react-dom@19.2.3(@types/react@19.2.14))(@types/react@19.2.14)(react-dom@19.2.3(react@19.2.3))(react@19.2.3)
      '@radix-ui/react-select':
        specifier: ^2.2.6
        version: 2.2.6(@types/react-dom@19.2.3(@types/react@19.2.14))(@types/react@19.2.14)(react-dom@19.2.3(react@19.2.3))(react@19.2.3)
      '@radix-ui/react-separator':
        specifier: ^1.1.8
        version: 1.1.8(@types/react-dom@19.2.3(@types/react@19.2.14))(@types/react@19.2.14)(react-dom@19.2.3(react@19.2.3))(react@19.2.3)
      '@radix-ui/react-slot':
        specifier: ^1.2.4
        version: 1.2.4(@types/react@19.2.14)(react@19.2.3)
      '@radix-ui/react-tabs':
        specifier: ^1.1.13
        version: 1.1.13(@types/react-dom@19.2.3(@types/react@19.2.14))(@types/react@19.2.14)(react-dom@19.2.3(react@19.2.3))(react@19.2.3)
      '@radix-ui/react-tooltip':
        specifier: ^1.2.8
        version: 1.2.8(@types/react-dom@19.2.3(@types/react@19.2.14))(@types/react@19.2.14)(react-dom@19.2.3(react@19.2.3))(react@19.2.3)
      '@sendgrid/mail':
        specifier: ^8.1.6
        version: 8.1.6
      bcryptjs:
        specifier: 2.4.3
        version: 2.4.3
      class-variance-authority:
        specifier: ^0.7.1
        version: 0.7.1
      clsx:
        specifier: ^2.1.1
        version: 2.1.1
      drizzle-kit:
        specifier: ^0.31.9
        version: 0.31.9
      drizzle-orm:
        specifier: ^0.45.1
        version: 0.45.1(@types/pg@8.18.0)(pg@8.20.0)
      embla-carousel-react:
        specifier: ^8.6.0
        version: 8.6.0(react@19.2.3)
      geist:
        specifier: ^1.7.0
        version: 1.7.0(next@16.1.6(@babel/core@7.29.0)(react-dom@19.2.3(react@19.2.3))(react@19.2.3))
      lucide-react:
        specifier: ^0.577.0
        version: 0.577.0(react@19.2.3)
      next:
        specifier: 16.1.6
        version: 16.1.6(@babel/core@7.29.0)(react-dom@19.2.3(react@19.2.3))(react@19.2.3)
      next-themes:
        specifier: ^0.4.6
        version: 0.4.6(react-dom@19.2.3(react@19.2.3))(react@19.2.3)
      pg:
        specifier: ^8.11.0
        version: 8.20.0
      react:
        specifier: 19.2.3
        version: 19.2.3
      react-dom:
        specifier: 19.2.3
        version: 19.2.3(react@19.2.3)
      react-hook-form:
        specifier: ^7.71.2
        version: 7.71.2(react@19.2.3)
      tailwind-merge:
        specifier: ^3.5.0
        version: 3.5.0
      tw-animate-css:
        specifier: ^1.4.0
        version: 1.4.0
      zod:
        specifier: ^4.3.6
        version: 4.3.6
    devDependencies:
      '@next/bundle-analyzer':
        specifier: ^16.1.7
        version: 16.1.7
      '@tailwindcss/postcss':
        specifier: ^4
        version: 4.2.1
      '@types/node':
        specifier: ^20
        version: 20.19.37
      '@types/pg':
        specifier: ^8.11.6
        version: 8.18.0
      '@types/react':
        specifier: ^19
        version: 19.2.14
      '@types/react-dom':
        specifier: ^19
        version: 19.2.3(@types/react@19.2.14)
      eslint:
        specifier: ^9
        version: 9.39.4(jiti@2.6.1)
      eslint-config-next:
        specifier: 16.1.6
        version: 16.1.6(@typescript-eslint/parser@8.57.0(eslint@9.39.4(jiti@2.6.1))(typescript@5.9.3))(eslint@9.39.4(jiti@2.6.1))(typescript@5.9.3)
      tailwindcss:
        specifier: ^4
        version: 4.2.1
      typescript:
        specifier: ^5
        version: 5.9.3

packages:
  # ... (all actual package blocks remain unchanged for brevity; only sonner removed)